
Microsoft Visual Studio Solution File, Format Version 12.00
# Visual Studio 15
VisualStudioVersion = 15.0.28307.705
MinimumVisualStudioVersion = 10.0.40219.1
Project("{FAE04EC0-301F-11D3-BF4B-00C04F79EFBC}") = "taller4.1", "taller4.1\taller4.1.csproj", "{2411A476-166D-4DE1-8076-88CCFD8482A3}"
EndProject
Global
	GlobalSection(SolutionConfigurationPlatforms) = preSolution
		Debug|Any CPU = Debug|Any CPU
		Release|Any CPU = Release|Any CPU
	EndGlobalSection
	GlobalSection(ProjectConfigurationPlatforms) = postSolution
		{2411A476-166D-4DE1-8076-88CCFD8482A3}.Debug|Any CPU.ActiveCfg = Debug|Any CPU
		{2411A476-166D-4DE1-8076-88CCFD8482A3}.Debug|Any CPU.Build.0 = Debug|Any CPU
		{2411A476-166D-4DE1-8076-88CCFD8482A3}.Release|Any CPU.ActiveCfg = Release|Any CPU
		{2411A476-166D-4DE1-8076-88CCFD8482A3}.Release|Any CPU.Build.0 = Release|Any CPU
	EndGlobalSection
	GlobalSection(SolutionProperties) = preSolution
		HideSolutionNode = FALSE
	EndGlobalSection
	GlobalSection(ExtensibilityGlobals) = postSolution
		SolutionGuid = {F7A1A7A7-0F7F-4EED-98EB-C7214871D0EA}
	EndGlobalSection
EndGlobal
